// !$*UTF8*$!
{
	archiveVersion = 1;
	classes = {
	};
	objectVersion = 56;
	objects = {

/* Begin PBXBuildFile section */
		836001782A5FD24F0007F277 /* AppDelegate.swift in Sources */ = {isa = PBXBuildFile; fileRef = 836001772A5FD24F0007F277 /* AppDelegate.swift */; };
		8360017A2A5FD24F0007F277 /* SceneDelegate.swift in Sources */ = {isa = PBXBuildFile; fileRef = 836001792A5FD24F0007F277 /* SceneDelegate.swift */; };
		8360017C2A5FD24F0007F277 /* BluetoothListViewController.swift in Sources */ = {isa = PBXBuildFile; fileRef = 8360017B2A5FD24F0007F277 /* BluetoothListViewController.swift */; };
		8360017F2A5FD24F0007F277 /* BluetoothListViewController.storyboard in Resources */ = {isa = PBXBuildFile; fileRef = 8360017D2A5FD24F0007F277 /* BluetoothListViewController.storyboard */; };
		836001812A5FD2510007F277 /* Assets.xcassets in Resources */ = {isa = PBXBuildFile; fileRef = 836001802A5FD2510007F277 /* Assets.xcassets */; };
		836001842A5FD2510007F277 /* LaunchScreen.storyboard in Resources */ = {isa = PBXBuildFile; fileRef = 836001822A5FD2510007F277 /* LaunchScreen.storyboard */; };
		8360018C2A5FD4E80007F277 /* UIColor+.swift in Sources */ = {isa = PBXBuildFile; fileRef = 8360018B2A5FD4E80007F277 /* UIColor+.swift */; };
		836001902A5FE8000007F277 /* BluetoothManager.swift in Sources */ = {isa = PBXBuildFile; fileRef = 8360018F2A5FE8000007F277 /* BluetoothManager.swift */; };
		836001932A5FEBCC0007F277 /* Device.swift in Sources */ = {isa = PBXBuildFile; fileRef = 836001922A5FEBCC0007F277 /* Device.swift */; };
		836001982A5FED7B0007F277 /* DefaultsManager.swift in Sources */ = {isa = PBXBuildFile; fileRef = 836001972A5FED7B0007F277 /* DefaultsManager.swift */; };
		8360019B2A5FEDB90007F277 /* SwiftyUserDefaults in Frameworks */ = {isa = PBXBuildFile; productRef = 8360019A2A5FEDB90007F277 /* SwiftyUserDefaults */; };
		8360019D2A5FEE500007F277 /* TabBarController.storyboard in Resources */ = {isa = PBXBuildFile; fileRef = 8360019C2A5FEE500007F277 /* TabBarController.storyboard */; };
		8360019F2A5FEE550007F277 /* TabBarController.swift in Sources */ = {isa = PBXBuildFile; fileRef = 8360019E2A5FEE550007F277 /* TabBarController.swift */; };
		836001A22A5FF0060007F277 /* UIApplication+.swift in Sources */ = {isa = PBXBuildFile; fileRef = 836001A12A5FF0060007F277 /* UIApplication+.swift */; };
		836001A42A5FF2100007F277 /* RegisteredDeviceManager.swift in Sources */ = {isa = PBXBuildFile; fileRef = 836001A32A5FF2100007F277 /* RegisteredDeviceManager.swift */; };
		836001A72A5FF4CD0007F277 /* DeviceTableViewCell.swift in Sources */ = {isa = PBXBuildFile; fileRef = 836001A52A5FF4CD0007F277 /* DeviceTableViewCell.swift */; };
		836001A82A5FF4CD0007F277 /* DeviceTableViewCell.xib in Resources */ = {isa = PBXBuildFile; fileRef = 836001A62A5FF4CD0007F277 /* DeviceTableViewCell.xib */; };
		8376FEBF2A60E96A00BB90A3 /* NVActivityIndicatorPresenter.swift in Sources */ = {isa = PBXBuildFile; fileRef = 8376FE962A60E96A00BB90A3 /* NVActivityIndicatorPresenter.swift */; };
		8376FEC02A60E96A00BB90A3 /* NVActivityIndicatorViewable.swift in Sources */ = {isa = PBXBuildFile; fileRef = 8376FE972A60E96A00BB90A3 /* NVActivityIndicatorViewable.swift */; };
		8376FEC12A60E96A00BB90A3 /* NVActivityIndicatorAnimationDelegate.swift in Sources */ = {isa = PBXBuildFile; fileRef = 8376FE992A60E96A00BB90A3 /* NVActivityIndicatorAnimationDelegate.swift */; };
		8376FEC22A60E96A00BB90A3 /* NVActivityIndicatorShape.swift in Sources */ = {isa = PBXBuildFile; fileRef = 8376FE9A2A60E96A00BB90A3 /* NVActivityIndicatorShape.swift */; };
		8376FEC32A60E96A00BB90A3 /* NVActivityIndicatorView.swift in Sources */ = {isa = PBXBuildFile; fileRef = 8376FE9B2A60E96A00BB90A3 /* NVActivityIndicatorView.swift */; };
		8376FEC42A60E96A00BB90A3 /* NVActivityIndicatorAnimationBallRotate.swift in Sources */ = {isa = PBXBuildFile; fileRef = 8376FE9D2A60E96A00BB90A3 /* NVActivityIndicatorAnimationBallRotate.swift */; };
		8376FEC52A60E96A00BB90A3 /* NVActivityIndicatorAnimationBallGridPulse.swift in Sources */ = {isa = PBXBuildFile; fileRef = 8376FE9E2A60E96A00BB90A3 /* NVActivityIndicatorAnimationBallGridPulse.swift */; };
		8376FEC62A60E96A00BB90A3 /* NVActivityIndicatorAnimationBallClipRotate.swift in Sources */ = {isa = PBXBuildFile; fileRef = 8376FE9F2A60E96A00BB90A3 /* NVActivityIndicatorAnimationBallClipRotate.swift */; };
		8376FEC72A60E96A00BB90A3 /* NVActivityIndicatorAnimationBallClipRotateMultiple.swift in Sources */ = {isa = PBXBuildFile; fileRef = 8376FEA02A60E96A00BB90A3 /* NVActivityIndicatorAnimationBallClipRotateMultiple.swift */; };
		8376FEC82A60E96A00BB90A3 /* NVActivityIndicatorAnimationBallTrianglePath.swift in Sources */ = {isa = PBXBuildFile; fileRef = 8376FEA12A60E96A00BB90A3 /* NVActivityIndicatorAnimationBallTrianglePath.swift */; };
		8376FEC92A60E96A00BB90A3 /* NVActivityIndicatorAnimationBallDoubleBounce.swift in Sources */ = {isa = PBXBuildFile; fileRef = 8376FEA22A60E96A00BB90A3 /* NVActivityIndicatorAnimationBallDoubleBounce.swift */; };
		8376FECA2A60E96A00BB90A3 /* NVActivityIndicatorAnimationLineScalePulseOut.swift in Sources */ = {isa = PBXBuildFile; fileRef = 8376FEA32A60E96A00BB90A3 /* NVActivityIndicatorAnimationLineScalePulseOut.swift */; };
		8376FECB2A60E96A00BB90A3 /* NVActivityIndicatorAnimationLineSpinFadeLoader.swift in Sources */ = {isa = PBXBuildFile; fileRef = 8376FEA42A60E96A00BB90A3 /* NVActivityIndicatorAnimationLineSpinFadeLoader.swift */; };
		8376FECC2A60E96A00BB90A3 /* NVActivityIndicatorAnimationBallZigZagDeflect.swift in Sources */ = {isa = PBXBuildFile; fileRef = 8376FEA52A60E96A00BB90A3 /* NVActivityIndicatorAnimationBallZigZagDeflect.swift */; };
		8376FECD2A60E96A00BB90A3 /* NVActivityIndicatorAnimationBallScale.swift in Sources */ = {isa = PBXBuildFile; fileRef = 8376FEA62A60E96A00BB90A3 /* NVActivityIndicatorAnimationBallScale.swift */; };
		8376FECE2A60E96A00BB90A3 /* NVActivityIndicatorAnimationBallZigZag.swift in Sources */ = {isa = PBXBuildFile; fileRef = 8376FEA72A60E96A00BB90A3 /* NVActivityIndicatorAnimationBallZigZag.swift */; };
		8376FECF2A60E96A00BB90A3 /* NVActivityIndicatorAnimationBallBeat.swift in Sources */ = {isa = PBXBuildFile; fileRef = 8376FEA82A60E96A00BB90A3 /* NVActivityIndicatorAnimationBallBeat.swift */; };
		8376FED02A60E96A00BB90A3 /* NVActivityIndicatorAnimationSemiCircleSpin.swift in Sources */ = {isa = PBXBuildFile; fileRef = 8376FEA92A60E96A00BB90A3 /* NVActivityIndicatorAnimationSemiCircleSpin.swift */; };
		8376FED12A60E96A00BB90A3 /* NVActivityIndicatorAnimationBallScaleRipple.swift in Sources */ = {isa = PBXBuildFile; fileRef = 8376FEAA2A60E96A00BB90A3 /* NVActivityIndicatorAnimationBallScaleRipple.swift */; };
		8376FED22A60E96A00BB90A3 /* NVActivityIndicatorAnimationBallClipRotatePulse.swift in Sources */ = {isa = PBXBuildFile; fileRef = 8376FEAB2A60E96A00BB90A3 /* NVActivityIndicatorAnimationBallClipRotatePulse.swift */; };
		8376FED32A60E96A00BB90A3 /* NVActivityIndicatorAnimationSquareSpin.swift in Sources */ = {isa = PBXBuildFile; fileRef = 8376FEAC2A60E96A00BB90A3 /* NVActivityIndicatorAnimationSquareSpin.swift */; };
		8376FED42A60E96A00BB90A3 /* NVActivityIndicatorAnimationBallRotateChase.swift in Sources */ = {isa = PBXBuildFile; fileRef = 8376FEAD2A60E96A00BB90A3 /* NVActivityIndicatorAnimationBallRotateChase.swift */; };
		8376FED52A60E96A00BB90A3 /* NVActivityIndicatorAnimationBallPulse.swift in Sources */ = {isa = PBXBuildFile; fileRef = 8376FEAE2A60E96A00BB90A3 /* NVActivityIndicatorAnimationBallPulse.swift */; };
		8376FED62A60E96A00BB90A3 /* NVActivityIndicatorAnimationBlank.swift in Sources */ = {isa = PBXBuildFile; fileRef = 8376FEAF2A60E96A00BB90A3 /* NVActivityIndicatorAnimationBlank.swift */; };
		8376FED72A60E96A00BB90A3 /* NVActivityIndicatorAnimationCircleStrokeSpin.swift in Sources */ = {isa = PBXBuildFile; fileRef = 8376FEB02A60E96A00BB90A3 /* NVActivityIndicatorAnimationCircleStrokeSpin.swift */; };
		8376FED82A60E96A00BB90A3 /* NVActivityIndicatorAnimationAudioEqualizer.swift in Sources */ = {isa = PBXBuildFile; fileRef = 8376FEB12A60E96A00BB90A3 /* NVActivityIndicatorAnimationAudioEqualizer.swift */; };
		8376FED92A60E96A00BB90A3 /* NVActivityIndicatorAnimationTriangleSkewSpin.swift in Sources */ = {isa = PBXBuildFile; fileRef = 8376FEB22A60E96A00BB90A3 /* NVActivityIndicatorAnimationTriangleSkewSpin.swift */; };
		8376FEDA2A60E96A00BB90A3 /* NVActivityIndicatorAnimationBallGridBeat.swift in Sources */ = {isa = PBXBuildFile; fileRef = 8376FEB32A60E96A00BB90A3 /* NVActivityIndicatorAnimationBallGridBeat.swift */; };
		8376FEDB2A60E96A00BB90A3 /* NVActivityIndicatorAnimationBallScaleMultiple.swift in Sources */ = {isa = PBXBuildFile; fileRef = 8376FEB42A60E96A00BB90A3 /* NVActivityIndicatorAnimationBallScaleMultiple.swift */; };
		8376FEDC2A60E96A00BB90A3 /* NVActivityIndicatorAnimationLineScale.swift in Sources */ = {isa = PBXBuildFile; fileRef = 8376FEB52A60E96A00BB90A3 /* NVActivityIndicatorAnimationLineScale.swift */; };
		8376FEDD2A60E96A00BB90A3 /* NVActivityIndicatorAnimationBallScaleRippleMultiple.swift in Sources */ = {isa = PBXBuildFile; fileRef = 8376FEB62A60E96A00BB90A3 /* NVActivityIndicatorAnimationBallScaleRippleMultiple.swift */; };
		8376FEDE2A60E96A00BB90A3 /* NVActivityIndicatorAnimationPacman.swift in Sources */ = {isa = PBXBuildFile; fileRef = 8376FEB72A60E96A00BB90A3 /* NVActivityIndicatorAnimationPacman.swift */; };
		8376FEDF2A60E96A00BB90A3 /* NVActivityIndicatorAnimationBallPulseSync.swift in Sources */ = {isa = PBXBuildFile; fileRef = 8376FEB82A60E96A00BB90A3 /* NVActivityIndicatorAnimationBallPulseSync.swift */; };
		8376FEE02A60E96A00BB90A3 /* NVActivityIndicatorAnimationCubeTransition.swift in Sources */ = {isa = PBXBuildFile; fileRef = 8376FEB92A60E96A00BB90A3 /* NVActivityIndicatorAnimationCubeTransition.swift */; };
		8376FEE12A60E96A00BB90A3 /* NVActivityIndicatorAnimationBallSpinFadeLoader.swift in Sources */ = {isa = PBXBuildFile; fileRef = 8376FEBA2A60E96A00BB90A3 /* NVActivityIndicatorAnimationBallSpinFadeLoader.swift */; };
		8376FEE22A60E96A00BB90A3 /* NVActivityIndicatorAnimationLineScaleParty.swift in Sources */ = {isa = PBXBuildFile; fileRef = 8376FEBB2A60E96A00BB90A3 /* NVActivityIndicatorAnimationLineScaleParty.swift */; };
		8376FEE32A60E96A00BB90A3 /* NVActivityIndicatorAnimationLineScalePulseOutRapid.swift in Sources */ = {isa = PBXBuildFile; fileRef = 8376FEBC2A60E96A00BB90A3 /* NVActivityIndicatorAnimationLineScalePulseOutRapid.swift */; };
		8376FEE42A60E96A00BB90A3 /* NVActivityIndicatorAnimationBallPulseRise.swift in Sources */ = {isa = PBXBuildFile; fileRef = 8376FEBD2A60E96A00BB90A3 /* NVActivityIndicatorAnimationBallPulseRise.swift */; };
		8376FEE52A60E96A00BB90A3 /* NVActivityIndicatorAnimationOrbit.swift in Sources */ = {isa = PBXBuildFile; fileRef = 8376FEBE2A60E96A00BB90A3 /* NVActivityIndicatorAnimationOrbit.swift */; };
		8376FEE92A60EB7900BB90A3 /* RegisteredDeviceListViewController.swift in Sources */ = {isa = PBXBuildFile; fileRef = 8376FEE82A60EB7900BB90A3 /* RegisteredDeviceListViewController.swift */; };
		8376FEEB2A60EB8000BB90A3 /* RegisteredDeviceListViewController.storyboard in Resources */ = {isa = PBXBuildFile; fileRef = 8376FEEA2A60EB8000BB90A3 /* RegisteredDeviceListViewController.storyboard */; };
		8376FEEE2A60F8D600BB90A3 /* RegisteredDeviceTableViewCell.swift in Sources */ = {isa = PBXBuildFile; fileRef = 8376FEEC2A60F8D600BB90A3 /* RegisteredDeviceTableViewCell.swift */; };
		8376FEEF2A60F8D600BB90A3 /* RegisteredDeviceTableViewCell.xib in Resources */ = {isa = PBXBuildFile; fileRef = 8376FEED2A60F8D600BB90A3 /* RegisteredDeviceTableViewCell.xib */; };
		8376FEF12A610BAB00BB90A3 /* Date+.swift in Sources */ = {isa = PBXBuildFile; fileRef = 8376FEF02A610BAB00BB90A3 /* Date+.swift */; };
		8376FEF32A6126EF00BB90A3 /* DeviceDetailViewController.swift in Sources */ = {isa = PBXBuildFile; fileRef = 8376FEF22A6126EF00BB90A3 /* DeviceDetailViewController.swift */; };
		8376FEF52A6126F300BB90A3 /* DeviceDetailViewController.storyboard in Resources */ = {isa = PBXBuildFile; fileRef = 8376FEF42A6126F300BB90A3 /* DeviceDetailViewController.storyboard */; };
/* End PBXBuildFile section */

/* Begin PBXFileReference section */
		836001742A5FD24F0007F277 /* MyBluetooth.app */ = {isa = PBXFileReference; explicitFileType = wrapper.application; includeInIndex = 0; path = MyBluetooth.app; sourceTree = BUILT_PRODUCTS_DIR; };
		836001772A5FD24F0007F277 /* AppDelegate.swift */ = {isa = PBXFileReference; lastKnownFileType = sourcecode.swift; path = AppDelegate.swift; sourceTree = "<group>"; };
		836001792A5FD24F0007F277 /* SceneDelegate.swift */ = {isa = PBXFileReference; lastKnownFileType = sourcecode.swift; path = SceneDelegate.swift; sourceTree = "<group>"; };
		8360017B2A5FD24F0007F277 /* BluetoothListViewController.swift */ = {isa = PBXFileReference; lastKnownFileType = sourcecode.swift; path = BluetoothListViewController.swift; sourceTree = "<group>"; };
		8360017E2A5FD24F0007F277 /* Base */ = {isa = PBXFileReference; lastKnownFileType = file.storyboard; name = Base; path = Base.lproj/BluetoothListViewController.storyboard; sourceTree = "<group>"; };
		836001802A5FD2510007F277 /* Assets.xcassets */ = {isa = PBXFileReference; lastKnownFileType = folder.assetcatalog; path = Assets.xcassets; sourceTree = "<group>"; };
		836001832A5FD2510007F277 /* Base */ = {isa = PBXFileReference; lastKnownFileType = file.storyboard; name = Base; path = Base.lproj/LaunchScreen.storyboard; sourceTree = "<group>"; };
		836001852A5FD2510007F277 /* Info.plist */ = {isa = PBXFileReference; lastKnownFileType = text.plist.xml; path = Info.plist; sourceTree = "<group>"; };
		8360018B2A5FD4E80007F277 /* UIColor+.swift */ = {isa = PBXFileReference; lastKnownFileType = sourcecode.swift; path = "UIColor+.swift"; sourceTree = "<group>"; };
		8360018F2A5FE8000007F277 /* BluetoothManager.swift */ = {isa = PBXFileReference; lastKnownFileType = sourcecode.swift; path = BluetoothManager.swift; sourceTree = "<group>"; };
		836001922A5FEBCC0007F277 /* Device.swift */ = {isa = PBXFileReference; lastKnownFileType = sourcecode.swift; path = Device.swift; sourceTree = "<group>"; };
		836001972A5FED7B0007F277 /* DefaultsManager.swift */ = {isa = PBXFileReference; fileEncoding = 4; lastKnownFileType = sourcecode.swift; path = DefaultsManager.swift; sourceTree = "<group>"; };
		8360019C2A5FEE500007F277 /* TabBarController.storyboard */ = {isa = PBXFileReference; lastKnownFileType = file.storyboard; path = TabBarController.storyboard; sourceTree = "<group>"; };
		8360019E2A5FEE550007F277 /* TabBarController.swift */ = {isa = PBXFileReference; lastKnownFileType = sourcecode.swift; path = TabBarController.swift; sourceTree = "<group>"; };
		836001A12A5FF0060007F277 /* UIApplication+.swift */ = {isa = PBXFileReference; fileEncoding = 4; lastKnownFileType = sourcecode.swift; path = "UIApplication+.swift"; sourceTree = "<group>"; };
		836001A32A5FF2100007F277 /* RegisteredDeviceManager.swift */ = {isa = PBXFileReference; lastKnownFileType = sourcecode.swift; path = RegisteredDeviceManager.swift; sourceTree = "<group>"; };
		836001A52A5FF4CD0007F277 /* DeviceTableViewCell.swift */ = {isa = PBXFileReference; lastKnownFileType = sourcecode.swift; path = DeviceTableViewCell.swift; sourceTree = "<group>"; };
		836001A62A5FF4CD0007F277 /* DeviceTableViewCell.xib */ = {isa = PBXFileReference; lastKnownFileType = file.xib; path = DeviceTableViewCell.xib; sourceTree = "<group>"; };
		8376FE962A60E96A00BB90A3 /* NVActivityIndicatorPresenter.swift */ = {isa = PBXFileReference; fileEncoding = 4; lastKnownFileType = sourcecode.swift; path = NVActivityIndicatorPresenter.swift; sourceTree = "<group>"; };
		8376FE972A60E96A00BB90A3 /* NVActivityIndicatorViewable.swift */ = {isa = PBXFileReference; fileEncoding = 4; lastKnownFileType = sourcecode.swift; path = NVActivityIndicatorViewable.swift; sourceTree = "<group>"; };
		8376FE992A60E96A00BB90A3 /* NVActivityIndicatorAnimationDelegate.swift */ = {isa = PBXFileReference; fileEncoding = 4; lastKnownFileType = sourcecode.swift; path = NVActivityIndicatorAnimationDelegate.swift; sourceTree = "<group>"; };
		8376FE9A2A60E96A00BB90A3 /* NVActivityIndicatorShape.swift */ = {isa = PBXFileReference; fileEncoding = 4; lastKnownFileType = sourcecode.swift; path = NVActivityIndicatorShape.swift; sourceTree = "<group>"; };
		8376FE9B2A60E96A00BB90A3 /* NVActivityIndicatorView.swift */ = {isa = PBXFileReference; fileEncoding = 4; lastKnownFileType = sourcecode.swift; path = NVActivityIndicatorView.swift; sourceTree = "<group>"; };
		8376FE9D2A60E96A00BB90A3 /* NVActivityIndicatorAnimationBallRotate.swift */ = {isa = PBXFileReference; fileEncoding = 4; lastKnownFileType = sourcecode.swift; path = NVActivityIndicatorAnimationBallRotate.swift; sourceTree = "<group>"; };
		8376FE9E2A60E96A00BB90A3 /* NVActivityIndicatorAnimationBallGridPulse.swift */ = {isa = PBXFileReference; fileEncoding = 4; lastKnownFileType = sourcecode.swift; path = NVActivityIndicatorAnimationBallGridPulse.swift; sourceTree = "<group>"; };
		8376FE9F2A60E96A00BB90A3 /* NVActivityIndicatorAnimationBallClipRotate.swift */ = {isa = PBXFileReference; fileEncoding = 4; lastKnownFileType = sourcecode.swift; path = NVActivityIndicatorAnimationBallClipRotate.swift; sourceTree = "<group>"; };
		8376FEA02A60E96A00BB90A3 /* NVActivityIndicatorAnimationBallClipRotateMultiple.swift */ = {isa = PBXFileReference; fileEncoding = 4; lastKnownFileType = sourcecode.swift; path = NVActivityIndicatorAnimationBallClipRotateMultiple.swift; sourceTree = "<group>"; };
		8376FEA12A60E96A00BB90A3 /* NVActivityIndicatorAnimationBallTrianglePath.swift */ = {isa = PBXFileReference; fileEncoding = 4; lastKnownFileType = sourcecode.swift; path = NVActivityIndicatorAnimationBallTrianglePath.swift; sourceTree = "<group>"; };
		8376FEA22A60E96A00BB90A3 /* NVActivityIndicatorAnimationBallDoubleBounce.swift */ = {isa = PBXFileReference; fileEncoding = 4; lastKnownFileType = sourcecode.swift; path = NVActivityIndicatorAnimationBallDoubleBounce.swift; sourceTree = "<group>"; };
		8376FEA32A60E96A00BB90A3 /* NVActivityIndicatorAnimationLineScalePulseOut.swift */ = {isa = PBXFileReference; fileEncoding = 4; lastKnownFileType = sourcecode.swift; path = NVActivityIndicatorAnimationLineScalePulseOut.swift; sourceTree = "<group>"; };
		8376FEA42A60E96A00BB90A3 /* NVActivityIndicatorAnimationLineSpinFadeLoader.swift */ = {isa = PBXFileReference; fileEncoding = 4; lastKnownFileType = sourcecode.swift; path = NVActivityIndicatorAnimationLineSpinFadeLoader.swift; sourceTree = "<group>"; };
		8376FEA52A60E96A00BB90A3 /* NVActivityIndicatorAnimationBallZigZagDeflect.swift */ = {isa = PBXFileReference; fileEncoding = 4; lastKnownFileType = sourcecode.swift; path = NVActivityIndicatorAnimationBallZigZagDeflect.swift; sourceTree = "<group>"; };
		8376FEA62A60E96A00BB90A3 /* NVActivityIndicatorAnimationBallScale.swift */ = {isa = PBXFileReference; fileEncoding = 4; lastKnownFileType = sourcecode.swift; path = NVActivityIndicatorAnimationBallScale.swift; sourceTree = "<group>"; };
		8376FEA72A60E96A00BB90A3 /* NVActivityIndicatorAnimationBallZigZag.swift */ = {isa = PBXFileReference; fileEncoding = 4; lastKnownFileType = sourcecode.swift; path = NVActivityIndicatorAnimationBallZigZag.swift; sourceTree = "<group>"; };
		8376FEA82A60E96A00BB90A3 /* NVActivityIndicatorAnimationBallBeat.swift */ = {isa = PBXFileReference; fileEncoding = 4; lastKnownFileType = sourcecode.swift; path = NVActivityIndicatorAnimationBallBeat.swift; sourceTree = "<group>"; };
		8376FEA92A60E96A00BB90A3 /* NVActivityIndicatorAnimationSemiCircleSpin.swift */ = {isa = PBXFileReference; fileEncoding = 4; lastKnownFileType = sourcecode.swift; path = NVActivityIndicatorAnimationSemiCircleSpin.swift; sourceTree = "<group>"; };
		8376FEAA2A60E96A00BB90A3 /* NVActivityIndicatorAnimationBallScaleRipple.swift */ = {isa = PBXFileReference; fileEncoding = 4; lastKnownFileType = sourcecode.swift; path = NVActivityIndicatorAnimationBallScaleRipple.swift; sourceTree = "<group>"; };
		8376FEAB2A60E96A00BB90A3 /* NVActivityIndicatorAnimationBallClipRotatePulse.swift */ = {isa = PBXFileReference; fileEncoding = 4; lastKnownFileType = sourcecode.swift; path = NVActivityIndicatorAnimationBallClipRotatePulse.swift; sourceTree = "<group>"; };
		8376FEAC2A60E96A00BB90A3 /* NVActivityIndicatorAnimationSquareSpin.swift */ = {isa = PBXFileReference; fileEncoding = 4; lastKnownFileType = sourcecode.swift; path = NVActivityIndicatorAnimationSquareSpin.swift; sourceTree = "<group>"; };
		8376FEAD2A60E96A00BB90A3 /* NVActivityIndicatorAnimationBallRotateChase.swift */ = {isa = PBXFileReference; fileEncoding = 4; lastKnownFileType = sourcecode.swift; path = NVActivityIndicatorAnimationBallRotateChase.swift; sourceTree = "<group>"; };
		8376FEAE2A60E96A00BB90A3 /* NVActivityIndicatorAnimationBallPulse.swift */ = {isa = PBXFileReference; fileEncoding = 4; lastKnownFileType = sourcecode.swift; path = NVActivityIndicatorAnimationBallPulse.swift; sourceTree = "<group>"; };
		8376FEAF2A60E96A00BB90A3 /* NVActivityIndicatorAnimationBlank.swift */ = {isa = PBXFileReference; fileEncoding = 4; lastKnownFileType = sourcecode.swift; path = NVActivityIndicatorAnimationBlank.swift; sourceTree = "<group>"; };
		8376FEB02A60E96A00BB90A3 /* NVActivityIndicatorAnimationCircleStrokeSpin.swift */ = {isa = PBXFileReference; fileEncoding = 4; lastKnownFileType = sourcecode.swift; path = NVActivityIndicatorAnimationCircleStrokeSpin.swift; sourceTree = "<group>"; };
		8376FEB12A60E96A00BB90A3 /* NVActivityIndicatorAnimationAudioEqualizer.swift */ = {isa = PBXFileReference; fileEncoding = 4; lastKnownFileType = sourcecode.swift; path = NVActivityIndicatorAnimationAudioEqualizer.swift; sourceTree = "<group>"; };
		8376FEB22A60E96A00BB90A3 /* NVActivityIndicatorAnimationTriangleSkewSpin.swift */ = {isa = PBXFileReference; fileEncoding = 4; lastKnownFileType = sourcecode.swift; path = NVActivityIndicatorAnimationTriangleSkewSpin.swift; sourceTree = "<group>"; };
		8376FEB32A60E96A00BB90A3 /* NVActivityIndicatorAnimationBallGridBeat.swift */ = {isa = PBXFileReference; fileEncoding = 4; lastKnownFileType = sourcecode.swift; path = NVActivityIndicatorAnimationBallGridBeat.swift; sourceTree = "<group>"; };
		8376FEB42A60E96A00BB90A3 /* NVActivityIndicatorAnimationBallScaleMultiple.swift */ = {isa = PBXFileReference; fileEncoding = 4; lastKnownFileType = sourcecode.swift; path = NVActivityIndicatorAnimationBallScaleMultiple.swift; sourceTree = "<group>"; };
		8376FEB52A60E96A00BB90A3 /* NVActivityIndicatorAnimationLineScale.swift */ = {isa = PBXFileReference; fileEncoding = 4; lastKnownFileType = sourcecode.swift; path = NVActivityIndicatorAnimationLineScale.swift; sourceTree = "<group>"; };
		8376FEB62A60E96A00BB90A3 /* NVActivityIndicatorAnimationBallScaleRippleMultiple.swift */ = {isa = PBXFileReference; fileEncoding = 4; lastKnownFileType = sourcecode.swift; path = NVActivityIndicatorAnimationBallScaleRippleMultiple.swift; sourceTree = "<group>"; };
		8376FEB72A60E96A00BB90A3 /* NVActivityIndicatorAnimationPacman.swift */ = {isa = PBXFileReference; fileEncoding = 4; lastKnownFileType = sourcecode.swift; path = NVActivityIndicatorAnimationPacman.swift; sourceTree = "<group>"; };
		8376FEB82A60E96A00BB90A3 /* NVActivityIndicatorAnimationBallPulseSync.swift */ = {isa = PBXFileReference; fileEncoding = 4; lastKnownFileType = sourcecode.swift; path = NVActivityIndicatorAnimationBallPulseSync.swift; sourceTree = "<group>"; };
		8376FEB92A60E96A00BB90A3 /* NVActivityIndicatorAnimationCubeTransition.swift */ = {isa = PBXFileReference; fileEncoding = 4; lastKnownFileType = sourcecode.swift; path = NVActivityIndicatorAnimationCubeTransition.swift; sourceTree = "<group>"; };
		8376FEBA2A60E96A00BB90A3 /* NVActivityIndicatorAnimationBallSpinFadeLoader.swift */ = {isa = PBXFileReference; fileEncoding = 4; lastKnownFileType = sourcecode.swift; path = NVActivityIndicatorAnimationBallSpinFadeLoader.swift; sourceTree = "<group>"; };
		8376FEBB2A60E96A00BB90A3 /* NVActivityIndicatorAnimationLineScaleParty.swift */ = {isa = PBXFileReference; fileEncoding = 4; lastKnownFileType = sourcecode.swift; path = NVActivityIndicatorAnimationLineScaleParty.swift; sourceTree = "<group>"; };
		8376FEBC2A60E96A00BB90A3 /* NVActivityIndicatorAnimationLineScalePulseOutRapid.swift */ = {isa = PBXFileReference; fileEncoding = 4; lastKnownFileType = sourcecode.swift; path = NVActivityIndicatorAnimationLineScalePulseOutRapid.swift; sourceTree = "<group>"; };
		8376FEBD2A60E96A00BB90A3 /* NVActivityIndicatorAnimationBallPulseRise.swift */ = {isa = PBXFileReference; fileEncoding = 4; lastKnownFileType = sourcecode.swift; path = NVActivityIndicatorAnimationBallPulseRise.swift; sourceTree = "<group>"; };
		8376FEBE2A60E96A00BB90A3 /* NVActivityIndicatorAnimationOrbit.swift */ = {isa = PBXFileReference; fileEncoding = 4; lastKnownFileType = sourcecode.swift; path = NVActivityIndicatorAnimationOrbit.swift; sourceTree = "<group>"; };
		8376FEE82A60EB7900BB90A3 /* RegisteredDeviceListViewController.swift */ = {isa = PBXFileReference; lastKnownFileType = sourcecode.swift; path = RegisteredDeviceListViewController.swift; sourceTree = "<group>"; };
		8376FEEA2A60EB8000BB90A3 /* RegisteredDeviceListViewController.storyboard */ = {isa = PBXFileReference; lastKnownFileType = file.storyboard; path = RegisteredDeviceListViewController.storyboard; sourceTree = "<group>"; };
		8376FEEC2A60F8D600BB90A3 /* RegisteredDeviceTableViewCell.swift */ = {isa = PBXFileReference; lastKnownFileType = sourcecode.swift; path = RegisteredDeviceTableViewCell.swift; sourceTree = "<group>"; };
		8376FEED2A60F8D600BB90A3 /* RegisteredDeviceTableViewCell.xib */ = {isa = PBXFileReference; lastKnownFileType = file.xib; path = RegisteredDeviceTableViewCell.xib; sourceTree = "<group>"; };
		8376FEF02A610BAB00BB90A3 /* Date+.swift */ = {isa = PBXFileReference; lastKnownFileType = sourcecode.swift; path = "Date+.swift"; sourceTree = "<group>"; };
		8376FEF22A6126EF00BB90A3 /* DeviceDetailViewController.swift */ = {isa = PBXFileReference; lastKnownFileType = sourcecode.swift; path = DeviceDetailViewController.swift; sourceTree = "<group>"; };
		8376FEF42A6126F300BB90A3 /* DeviceDetailViewController.storyboard */ = {isa = PBXFileReference; lastKnownFileType = file.storyboard; path = DeviceDetailViewController.storyboard; sourceTree = "<group>"; };
/* End PBXFileReference section */

/* Begin PBXFrameworksBuildPhase section */
		836001712A5FD24F0007F277 /* Frameworks */ = {
			isa = PBXFrameworksBuildPhase;
			buildActionMask = 2147483647;
			files = (
				8360019B2A5FEDB90007F277 /* SwiftyUserDefaults in Frameworks */,
			);
			runOnlyForDeploymentPostprocessing = 0;
		};
/* End PBXFrameworksBuildPhase section */

/* Begin PBXGroup section */
		8360016B2A5FD24F0007F277 = {
			isa = PBXGroup;
			children = (
				836001762A5FD24F0007F277 /* MyBluetooth */,
				836001752A5FD24F0007F277 /* Products */,
			);
			sourceTree = "<group>";
		};
		836001752A5FD24F0007F277 /* Products */ = {
			isa = PBXGroup;
			children = (
				836001742A5FD24F0007F277 /* MyBluetooth.app */,
			);
			name = Products;
			sourceTree = "<group>";
		};
		836001762A5FD24F0007F277 /* MyBluetooth */ = {
			isa = PBXGroup;
			children = (
				836001772A5FD24F0007F277 /* AppDelegate.swift */,
				836001792A5FD24F0007F277 /* SceneDelegate.swift */,
				8376FEE62A60E96D00BB90A3 /* Common */,
				836001A02A5FEFFD0007F277 /* Extensions */,
				836001912A5FEBC10007F277 /* Model */,
				8360018E2A5FE7F30007F277 /* Mangers */,
				8360019C2A5FEE500007F277 /* TabBarController.storyboard */,
				8360019E2A5FEE550007F277 /* TabBarController.swift */,
				8360017D2A5FD24F0007F277 /* BluetoothListViewController.storyboard */,
				8360017B2A5FD24F0007F277 /* BluetoothListViewController.swift */,
				8376FEEA2A60EB8000BB90A3 /* RegisteredDeviceListViewController.storyboard */,
				8376FEE82A60EB7900BB90A3 /* RegisteredDeviceListViewController.swift */,
				836001A62A5FF4CD0007F277 /* DeviceTableViewCell.xib */,
				836001A52A5FF4CD0007F277 /* DeviceTableViewCell.swift */,
				8376FEED2A60F8D600BB90A3 /* RegisteredDeviceTableViewCell.xib */,
				8376FEEC2A60F8D600BB90A3 /* RegisteredDeviceTableViewCell.swift */,
				8376FEF42A6126F300BB90A3 /* DeviceDetailViewController.storyboard */,
				8376FEF22A6126EF00BB90A3 /* DeviceDetailViewController.swift */,
				836001802A5FD2510007F277 /* Assets.xcassets */,
				836001822A5FD2510007F277 /* LaunchScreen.storyboard */,
				836001852A5FD2510007F277 /* Info.plist */,
			);
			path = MyBluetooth;
			sourceTree = "<group>";
		};
		8360018E2A5FE7F30007F277 /* Mangers */ = {
			isa = PBXGroup;
			children = (
				836001972A5FED7B0007F277 /* DefaultsManager.swift */,
				8360018F2A5FE8000007F277 /* BluetoothManager.swift */,
				836001A32A5FF2100007F277 /* RegisteredDeviceManager.swift */,
			);
			path = Mangers;
			sourceTree = "<group>";
		};
		836001912A5FEBC10007F277 /* Model */ = {
			isa = PBXGroup;
			children = (
				836001922A5FEBCC0007F277 /* Device.swift */,
			);
			path = Model;
			sourceTree = "<group>";
		};
		836001A02A5FEFFD0007F277 /* Extensions */ = {
			isa = PBXGroup;
			children = (
				8360018B2A5FD4E80007F277 /* UIColor+.swift */,
				8376FEF02A610BAB00BB90A3 /* Date+.swift */,
				836001A12A5FF0060007F277 /* UIApplication+.swift */,
			);
			path = Extensions;
			sourceTree = "<group>";
		};
		8376FE942A60E96A00BB90A3 /* NVActivityIndicatorView */ = {
			isa = PBXGroup;
			children = (
				8376FE952A60E96A00BB90A3 /* Extended */,
				8376FE982A60E96A00BB90A3 /* Base */,
			);
			path = NVActivityIndicatorView;
			sourceTree = "<group>";
		};
		8376FE952A60E96A00BB90A3 /* Extended */ = {
			isa = PBXGroup;
			children = (
				8376FE962A60E96A00BB90A3 /* NVActivityIndicatorPresenter.swift */,
				8376FE972A60E96A00BB90A3 /* NVActivityIndicatorViewable.swift */,
			);
			path = Extended;
			sourceTree = "<group>";
		};
		8376FE982A60E96A00BB90A3 /* Base */ = {
			isa = PBXGroup;
			children = (
				8376FE992A60E96A00BB90A3 /* NVActivityIndicatorAnimationDelegate.swift */,
				8376FE9A2A60E96A00BB90A3 /* NVActivityIndicatorShape.swift */,
				8376FE9B2A60E96A00BB90A3 /* NVActivityIndicatorView.swift */,
				8376FE9C2A60E96A00BB90A3 /* Animations */,
			);
			path = Base;
			sourceTree = "<group>";
		};
		8376FE9C2A60E96A00BB90A3 /* Animations */ = {
			isa = PBXGroup;
			children = (
				8376FE9D2A60E96A00BB90A3 /* NVActivityIndicatorAnimationBallRotate.swift */,
				8376FE9E2A60E96A00BB90A3 /* NVActivityIndicatorAnimationBallGridPulse.swift */,
				8376FE9F2A60E96A00BB90A3 /* NVActivityIndicatorAnimationBallClipRotate.swift */,
				8376FEA02A60E96A00BB90A3 /* NVActivityIndicatorAnimationBallClipRotateMultiple.swift */,
				8376FEA12A60E96A00BB90A3 /* NVActivityIndicatorAnimationBallTrianglePath.swift */,
				8376FEA22A60E96A00BB90A3 /* NVActivityIndicatorAnimationBallDoubleBounce.swift */,
				8376FEA32A60E96A00BB90A3 /* NVActivityIndicatorAnimationLineScalePulseOut.swift */,
				8376FEA42A60E96A00BB90A3 /* NVActivityIndicatorAnimationLineSpinFadeLoader.swift */,
				8376FEA52A60E96A00BB90A3 /* NVActivityIndicatorAnimationBallZigZagDeflect.swift */,
				8376FEA62A60E96A00BB90A3 /* NVActivityIndicatorAnimationBallScale.swift */,
				8376FEA72A60E96A00BB90A3 /* NVActivityIndicatorAnimationBallZigZag.swift */,
				8376FEA82A60E96A00BB90A3 /* NVActivityIndicatorAnimationBallBeat.swift */,
				8376FEA92A60E96A00BB90A3 /* NVActivityIndicatorAnimationSemiCircleSpin.swift */,
				8376FEAA2A60E96A00BB90A3 /* NVActivityIndicatorAnimationBallScaleRipple.swift */,
				8376FEAB2A60E96A00BB90A3 /* NVActivityIndicatorAnimationBallClipRotatePulse.swift */,
				8376FEAC2A60E96A00BB90A3 /* NVActivityIndicatorAnimationSquareSpin.swift */,
				8376FEAD2A60E96A00BB90A3 /* NVActivityIndicatorAnimationBallRotateChase.swift */,
				8376FEAE2A60E96A00BB90A3 /* NVActivityIndicatorAnimationBallPulse.swift */,
				8376FEAF2A60E96A00BB90A3 /* NVActivityIndicatorAnimationBlank.swift */,
				8376FEB02A60E96A00BB90A3 /* NVActivityIndicatorAnimationCircleStrokeSpin.swift */,
				8376FEB12A60E96A00BB90A3 /* NVActivityIndicatorAnimationAudioEqualizer.swift */,
				8376FEB22A60E96A00BB90A3 /* NVActivityIndicatorAnimationTriangleSkewSpin.swift */,
				8376FEB32A60E96A00BB90A3 /* NVActivityIndicatorAnimationBallGridBeat.swift */,
				8376FEB42A60E96A00BB90A3 /* NVActivityIndicatorAnimationBallScaleMultiple.swift */,
				8376FEB52A60E96A00BB90A3 /* NVActivityIndicatorAnimationLineScale.swift */,
				8376FEB62A60E96A00BB90A3 /* NVActivityIndicatorAnimationBallScaleRippleMultiple.swift */,
				8376FEB72A60E96A00BB90A3 /* NVActivityIndicatorAnimationPacman.swift */,
				8376FEB82A60E96A00BB90A3 /* NVActivityIndicatorAnimationBallPulseSync.swift */,
				8376FEB92A60E96A00BB90A3 /* NVActivityIndicatorAnimationCubeTransition.swift */,
				8376FEBA2A60E96A00BB90A3 /* NVActivityIndicatorAnimationBallSpinFadeLoader.swift */,
				8376FEBB2A60E96A00BB90A3 /* NVActivityIndicatorAnimationLineScaleParty.swift */,
				8376FEBC2A60E96A00BB90A3 /* NVActivityIndicatorAnimationLineScalePulseOutRapid.swift */,
				8376FEBD2A60E96A00BB90A3 /* NVActivityIndicatorAnimationBallPulseRise.swift */,
				8376FEBE2A60E96A00BB90A3 /* NVActivityIndicatorAnimationOrbit.swift */,
			);
			path = Animations;
			sourceTree = "<group>";
		};
		8376FEE62A60E96D00BB90A3 /* Common */ = {
			isa = PBXGroup;
			children = (
				8376FEE72A60E97000BB90A3 /* Library */,
			);
			path = Common;
			sourceTree = "<group>";
		};
		8376FEE72A60E97000BB90A3 /* Library */ = {
			isa = PBXGroup;
			children = (
				8376FE942A60E96A00BB90A3 /* NVActivityIndicatorView */,
			);
			path = Library;
			sourceTree = "<group>";
		};
/* End PBXGroup section */

/* Begin PBXNativeTarget section */
		836001732A5FD24F0007F277 /* MyBluetooth */ = {
			isa = PBXNativeTarget;
			buildConfigurationList = 836001882A5FD2510007F277 /* Build configuration list for PBXNativeTarget "MyBluetooth" */;
			buildPhases = (
				836001702A5FD24F0007F277 /* Sources */,
				836001712A5FD24F0007F277 /* Frameworks */,
				836001722A5FD24F0007F277 /* Resources */,
			);
			buildRules = (
			);
			dependencies = (
			);
			name = MyBluetooth;
			packageProductDependencies = (
				8360019A2A5FEDB90007F277 /* SwiftyUserDefaults */,
			);
			productName = MyBluetooth;
			productReference = 836001742A5FD24F0007F277 /* MyBluetooth.app */;
			productType = "com.apple.product-type.application";
		};
/* End PBXNativeTarget section */

/* Begin PBXProject section */
		8360016C2A5FD24F0007F277 /* Project object */ = {
			isa = PBXProject;
			attributes = {
				BuildIndependentTargetsInParallel = 1;
				LastSwiftUpdateCheck = 1430;
				LastUpgradeCheck = 1430;
				TargetAttributes = {
					836001732A5FD24F0007F277 = {
						CreatedOnToolsVersion = 14.3.1;
					};
				};
			};
			buildConfigurationList = 8360016F2A5FD24F0007F277 /* Build configuration list for PBXProject "MyBluetooth" */;
			compatibilityVersion = "Xcode 14.0";
			developmentRegion = en;
			hasScannedForEncodings = 0;
			knownRegions = (
				en,
				Base,
			);
			mainGroup = 8360016B2A5FD24F0007F277;
			packageReferences = (
				836001992A5FEDB90007F277 /* XCRemoteSwiftPackageReference "SwiftyUserDefaults" */,
			);
			productRefGroup = 836001752A5FD24F0007F277 /* Products */;
			projectDirPath = "";
			projectRoot = "";
			targets = (
				836001732A5FD24F0007F277 /* MyBluetooth */,
			);
		};
/* End PBXProject section */

/* Begin PBXResourcesBuildPhase section */
		836001722A5FD24F0007F277 /* Resources */ = {
			isa = PBXResourcesBuildPhase;
			buildActionMask = 2147483647;
			files = (
				836001842A5FD2510007F277 /* LaunchScreen.storyboard in Resources */,
				836001812A5FD2510007F277 /* Assets.xcassets in Resources */,
				8360019D2A5FEE500007F277 /* TabBarController.storyboard in Resources */,
				8376FEEF2A60F8D600BB90A3 /* RegisteredDeviceTableViewCell.xib in Resources */,
				8360017F2A5FD24F0007F277 /* BluetoothListViewController.storyboard in Resources */,
				836001A82A5FF4CD0007F277 /* DeviceTableViewCell.xib in Resources */,
				8376FEF52A6126F300BB90A3 /* DeviceDetailViewController.storyboard in Resources */,
				8376FEEB2A60EB8000BB90A3 /* RegisteredDeviceListViewController.storyboard in Resources */,
			);
			runOnlyForDeploymentPostprocessing = 0;
		};
/* End PBXResourcesBuildPhase section */

/* Begin PBXSourcesBuildPhase section */
		836001702A5FD24F0007F277 /* Sources */ = {
			isa = PBXSourcesBuildPhase;
			buildActionMask = 2147483647;
			files = (
				8376FEDC2A60E96A00BB90A3 /* NVActivityIndicatorAnimationLineScale.swift in Sources */,
				8376FED32A60E96A00BB90A3 /* NVActivityIndicatorAnimationSquareSpin.swift in Sources */,
				8376FEC52A60E96A00BB90A3 /* NVActivityIndicatorAnimationBallGridPulse.swift in Sources */,
				8376FED82A60E96A00BB90A3 /* NVActivityIndicatorAnimationAudioEqualizer.swift in Sources */,
				8376FED62A60E96A00BB90A3 /* NVActivityIndicatorAnimationBlank.swift in Sources */,
				8360017C2A5FD24F0007F277 /* BluetoothListViewController.swift in Sources */,
				8376FEC32A60E96A00BB90A3 /* NVActivityIndicatorView.swift in Sources */,
				8376FED22A60E96A00BB90A3 /* NVActivityIndicatorAnimationBallClipRotatePulse.swift in Sources */,
				8376FEF32A6126EF00BB90A3 /* DeviceDetailViewController.swift in Sources */,
				8376FEC72A60E96A00BB90A3 /* NVActivityIndicatorAnimationBallClipRotateMultiple.swift in Sources */,
				8376FEDF2A60E96A00BB90A3 /* NVActivityIndicatorAnimationBallPulseSync.swift in Sources */,
				8376FEE52A60E96A00BB90A3 /* NVActivityIndicatorAnimationOrbit.swift in Sources */,
				836001A72A5FF4CD0007F277 /* DeviceTableViewCell.swift in Sources */,
				8376FECD2A60E96A00BB90A3 /* NVActivityIndicatorAnimationBallScale.swift in Sources */,
				8376FEDD2A60E96A00BB90A3 /* NVActivityIndicatorAnimationBallScaleRippleMultiple.swift in Sources */,
				8376FED52A60E96A00BB90A3 /* NVActivityIndicatorAnimationBallPulse.swift in Sources */,
				8376FEDE2A60E96A00BB90A3 /* NVActivityIndicatorAnimationPacman.swift in Sources */,
				8360019F2A5FEE550007F277 /* TabBarController.swift in Sources */,
				8376FED02A60E96A00BB90A3 /* NVActivityIndicatorAnimationSemiCircleSpin.swift in Sources */,
				8376FEBF2A60E96A00BB90A3 /* NVActivityIndicatorPresenter.swift in Sources */,
				8376FEEE2A60F8D600BB90A3 /* RegisteredDeviceTableViewCell.swift in Sources */,
				8376FEC42A60E96A00BB90A3 /* NVActivityIndicatorAnimationBallRotate.swift in Sources */,
				8360018C2A5FD4E80007F277 /* UIColor+.swift in Sources */,
				8376FEE02A60E96A00BB90A3 /* NVActivityIndicatorAnimationCubeTransition.swift in Sources */,
				8376FEE12A60E96A00BB90A3 /* NVActivityIndicatorAnimationBallSpinFadeLoader.swift in Sources */,
				8376FECA2A60E96A00BB90A3 /* NVActivityIndicatorAnimationLineScalePulseOut.swift in Sources */,
				8376FEE42A60E96A00BB90A3 /* NVActivityIndicatorAnimationBallPulseRise.swift in Sources */,
				836001782A5FD24F0007F277 /* AppDelegate.swift in Sources */,
				8376FECC2A60E96A00BB90A3 /* NVActivityIndicatorAnimationBallZigZagDeflect.swift in Sources */,
				836001982A5FED7B0007F277 /* DefaultsManager.swift in Sources */,
				8376FEC82A60E96A00BB90A3 /* NVActivityIndicatorAnimationBallTrianglePath.swift in Sources */,
				8376FEC02A60E96A00BB90A3 /* NVActivityIndicatorViewable.swift in Sources */,
				8376FED42A60E96A00BB90A3 /* NVActivityIndicatorAnimationBallRotateChase.swift in Sources */,
				8376FECB2A60E96A00BB90A3 /* NVActivityIndicatorAnimationLineSpinFadeLoader.swift in Sources */,
				8376FEE92A60EB7900BB90A3 /* RegisteredDeviceListViewController.swift in Sources */,
				8376FED72A60E96A00BB90A3 /* NVActivityIndicatorAnimationCircleStrokeSpin.swift in Sources */,
				8376FEF12A610BAB00BB90A3 /* Date+.swift in Sources */,
				836001A22A5FF0060007F277 /* UIApplication+.swift in Sources */,
				8376FECF2A60E96A00BB90A3 /* NVActivityIndicatorAnimationBallBeat.swift in Sources */,
				8376FEDB2A60E96A00BB90A3 /* NVActivityIndicatorAnimationBallScaleMultiple.swift in Sources */,
				8376FEE32A60E96A00BB90A3 /* NVActivityIndicatorAnimationLineScalePulseOutRapid.swift in Sources */,
				8376FEC62A60E96A00BB90A3 /* NVActivityIndicatorAnimationBallClipRotate.swift in Sources */,
				836001932A5FEBCC0007F277 /* Device.swift in Sources */,
				8376FEE22A60E96A00BB90A3 /* NVActivityIndicatorAnimationLineScaleParty.swift in Sources */,
				8376FED92A60E96A00BB90A3 /* NVActivityIndicatorAnimationTriangleSkewSpin.swift in Sources */,
				8376FEC12A60E96A00BB90A3 /* NVActivityIndicatorAnimationDelegate.swift in Sources */,
				8360017A2A5FD24F0007F277 /* SceneDelegate.swift in Sources */,
				8376FEC22A60E96A00BB90A3 /* NVActivityIndicatorShape.swift in Sources */,
				8376FEDA2A60E96A00BB90A3 /* NVActivityIndicatorAnimationBallGridBeat.swift in Sources */,
				8376FEC92A60E96A00BB90A3 /* NVActivityIndicatorAnimationBallDoubleBounce.swift in Sources */,
				8376FECE2A60E96A00BB90A3 /* NVActivityIndicatorAnimationBallZigZag.swift in Sources */,
				836001A42A5FF2100007F277 /* RegisteredDeviceManager.swift in Sources */,
				836001902A5FE8000007F277 /* BluetoothManager.swift in Sources */,
				8376FED12A60E96A00BB90A3 /* NVActivityIndicatorAnimationBallScaleRipple.swift in Sources */,
			);
			runOnlyForDeploymentPostprocessing = 0;
		};
/* End PBXSourcesBuildPhase section */

/* Begin PBXVariantGroup section */
		8360017D2A5FD24F0007F277 /* BluetoothListViewController.storyboard */ = {
			isa = PBXVariantGroup;
			children = (
				8360017E2A5FD24F0007F277 /* Base */,
			);
			name = BluetoothListViewController.storyboard;
			sourceTree = "<group>";
		};
		836001822A5FD2510007F277 /* LaunchScreen.storyboard */ = {
			isa = PBXVariantGroup;
			children = (
				836001832A5FD2510007F277 /* Base */,
			);
			name = LaunchScreen.storyboard;
			sourceTree = "<group>";
		};
/* End PBXVariantGroup section */

/* Begin XCBuildConfiguration section */
		836001862A5FD2510007F277 /* Debug */ = {
			isa = XCBuildConfiguration;
			buildSettings = {
				ALWAYS_SEARCH_USER_PATHS = NO;
				CLANG_ANALYZER_NONNULL = YES;
				CLANG_ANALYZER_NUMBER_OBJECT_CONVERSION = YES_AGGRESSIVE;
				CLANG_CXX_LANGUAGE_STANDARD = "gnu++20";
				CLANG_ENABLE_MODULES = YES;
				CLANG_ENABLE_OBJC_ARC = YES;
				CLANG_ENABLE_OBJC_WEAK = YES;
				CLANG_WARN_BLOCK_CAPTURE_AUTORELEASING = YES;
				CLANG_WARN_BOOL_CONVERSION = YES;
				CLANG_WARN_COMMA = YES;
				CLANG_WARN_CONSTANT_CONVERSION = YES;
				CLANG_WARN_DEPRECATED_OBJC_IMPLEMENTATIONS = YES;
				CLANG_WARN_DIRECT_OBJC_ISA_USAGE = YES_ERROR;
				CLANG_WARN_DOCUMENTATION_COMMENTS = YES;
				CLANG_WARN_EMPTY_BODY = YES;
				CLANG_WARN_ENUM_CONVERSION = YES;
				CLANG_WARN_INFINITE_RECURSION = YES;
				CLANG_WARN_INT_CONVERSION = YES;
				CLANG_WARN_NON_LITERAL_NULL_CONVERSION = YES;
				CLANG_WARN_OBJC_IMPLICIT_RETAIN_SELF = YES;
				CLANG_WARN_OBJC_LITERAL_CONVERSION = YES;
				CLANG_WARN_OBJC_ROOT_CLASS = YES_ERROR;
				CLANG_WARN_QUOTED_INCLUDE_IN_FRAMEWORK_HEADER = YES;
				CLANG_WARN_RANGE_LOOP_ANALYSIS = YES;
				CLANG_WARN_STRICT_PROTOTYPES = YES;
				CLANG_WARN_SUSPICIOUS_MOVE = YES;
				CLANG_WARN_UNGUARDED_AVAILABILITY = YES_AGGRESSIVE;
				CLANG_WARN_UNREACHABLE_CODE = YES;
				CLANG_WARN__DUPLICATE_METHOD_MATCH = YES;
				COPY_PHASE_STRIP = NO;
				DEBUG_INFORMATION_FORMAT = dwarf;
				ENABLE_STRICT_OBJC_MSGSEND = YES;
				ENABLE_TESTABILITY = YES;
				GCC_C_LANGUAGE_STANDARD = gnu11;
				GCC_DYNAMIC_NO_PIC = NO;
				GCC_NO_COMMON_BLOCKS = YES;
				GCC_OPTIMIZATION_LEVEL = 0;
				GCC_PREPROCESSOR_DEFINITIONS = (
					"DEBUG=1",
					"$(inherited)",
				);
				GCC_WARN_64_TO_32_BIT_CONVERSION = YES;
				GCC_WARN_ABOUT_RETURN_TYPE = YES_ERROR;
				GCC_WARN_UNDECLARED_SELECTOR = YES;
				GCC_WARN_UNINITIALIZED_AUTOS = YES_AGGRESSIVE;
				GCC_WARN_UNUSED_FUNCTION = YES;
				GCC_WARN_UNUSED_VARIABLE = YES;
				IPHONEOS_DEPLOYMENT_TARGET = 16.4;
				MTL_ENABLE_DEBUG_INFO = INCLUDE_SOURCE;
				MTL_FAST_MATH = YES;
				ONLY_ACTIVE_ARCH = YES;
				SDKROOT = iphoneos;
				SWIFT_ACTIVE_COMPILATION_CONDITIONS = DEBUG;
				SWIFT_OPTIMIZATION_LEVEL = "-Onone";
			};
			name = Debug;
		};
		836001872A5FD2510007F277 /* Release */ = {
			isa = XCBuildConfiguration;
			buildSettings = {
				ALWAYS_SEARCH_USER_PATHS = NO;
				CLANG_ANALYZER_NONNULL = YES;
				CLANG_ANALYZER_NUMBER_OBJECT_CONVERSION = YES_AGGRESSIVE;
				CLANG_CXX_LANGUAGE_STANDARD = "gnu++20";
				CLANG_ENABLE_MODULES = YES;
				CLANG_ENABLE_OBJC_ARC = YES;
				CLANG_ENABLE_OBJC_WEAK = YES;
				CLANG_WARN_BLOCK_CAPTURE_AUTORELEASING = YES;
				CLANG_WARN_BOOL_CONVERSION = YES;
				CLANG_WARN_COMMA = YES;
				CLANG_WARN_CONSTANT_CONVERSION = YES;
				CLANG_WARN_DEPRECATED_OBJC_IMPLEMENTATIONS = YES;
				CLANG_WARN_DIRECT_OBJC_ISA_USAGE = YES_ERROR;
				CLANG_WARN_DOCUMENTATION_COMMENTS = YES;
				CLANG_WARN_EMPTY_BODY = YES;
				CLANG_WARN_ENUM_CONVERSION = YES;
				CLANG_WARN_INFINITE_RECURSION = YES;
				CLANG_WARN_INT_CONVERSION = YES;
				CLANG_WARN_NON_LITERAL_NULL_CONVERSION = YES;
				CLANG_WARN_OBJC_IMPLICIT_RETAIN_SELF = YES;
				CLANG_WARN_OBJC_LITERAL_CONVERSION = YES;
				CLANG_WARN_OBJC_ROOT_CLASS = YES_ERROR;
				CLANG_WARN_QUOTED_INCLUDE_IN_FRAMEWORK_HEADER = YES;
				CLANG_WARN_RANGE_LOOP_ANALYSIS = YES;
				CLANG_WARN_STRICT_PROTOTYPES = YES;
				CLANG_WARN_SUSPICIOUS_MOVE = YES;
				CLANG_WARN_UNGUARDED_AVAILABILITY = YES_AGGRESSIVE;
				CLANG_WARN_UNREACHABLE_CODE = YES;
				CLANG_WARN__DUPLICATE_METHOD_MATCH = YES;
				COPY_PHASE_STRIP = NO;
				DEBUG_INFORMATION_FORMAT = "dwarf-with-dsym";
				ENABLE_NS_ASSERTIONS = NO;
				ENABLE_STRICT_OBJC_MSGSEND = YES;
				GCC_C_LANGUAGE_STANDARD = gnu11;
				GCC_NO_COMMON_BLOCKS = YES;
				GCC_WARN_64_TO_32_BIT_CONVERSION = YES;
				GCC_WARN_ABOUT_RETURN_TYPE = YES_ERROR;
				GCC_WARN_UNDECLARED_SELECTOR = YES;
				GCC_WARN_UNINITIALIZED_AUTOS = YES_AGGRESSIVE;
				GCC_WARN_UNUSED_FUNCTION = YES;
				GCC_WARN_UNUSED_VARIABLE = YES;
				IPHONEOS_DEPLOYMENT_TARGET = 16.4;
				MTL_ENABLE_DEBUG_INFO = NO;
				MTL_FAST_MATH = YES;
				SDKROOT = iphoneos;
				SWIFT_COMPILATION_MODE = wholemodule;
				SWIFT_OPTIMIZATION_LEVEL = "-O";
				VALIDATE_PRODUCT = YES;
			};
			name = Release;
		};
		836001892A5FD2510007F277 /* Debug */ = {
			isa = XCBuildConfiguration;
			buildSettings = {
				ASSETCATALOG_COMPILER_APPICON_NAME = AppIcon;
				ASSETCATALOG_COMPILER_GLOBAL_ACCENT_COLOR_NAME = AccentColor;
				CODE_SIGN_STYLE = Automatic;
				CURRENT_PROJECT_VERSION = 1;
				DEVELOPMENT_TEAM = APATJHZZY7;
				GENERATE_INFOPLIST_FILE = YES;
				INFOPLIST_FILE = MyBluetooth/Info.plist;
				INFOPLIST_KEY_NSBluetoothAlwaysUsageDescription = "블루투스 얼웨이즈 유세지 데스크립션";
				INFOPLIST_KEY_NSBluetoothPeripheralUsageDescription = "블루투스 페리퍼랄 유세지 ";
				INFOPLIST_KEY_UIApplicationSupportsIndirectInputEvents = YES;
				INFOPLIST_KEY_UILaunchStoryboardName = LaunchScreen.storyboard;
				INFOPLIST_KEY_UIMainStoryboardFile = BluetoothListViewController;
				INFOPLIST_KEY_UISupportedInterfaceOrientations_iPad = "UIInterfaceOrientationPortrait UIInterfaceOrientationPortraitUpsideDown UIInterfaceOrientationLandscapeLeft UIInterfaceOrientationLandscapeRight";
				INFOPLIST_KEY_UISupportedInterfaceOrientations_iPhone = "UIInterfaceOrientationPortrait UIInterfaceOrientationLandscapeLeft UIInterfaceOrientationLandscapeRight";
				LD_RUNPATH_SEARCH_PATHS = (
					"$(inherited)",
					"@executable_path/Frameworks",
				);
				MARKETING_VERSION = 1.0;
				PRODUCT_BUNDLE_IDENTIFIER = com.waiker.MyBluetooth;
				PRODUCT_NAME = "$(TARGET_NAME)";
				SWIFT_EMIT_LOC_STRINGS = YES;
				SWIFT_VERSION = 5.0;
				TARGETED_DEVICE_FAMILY = "1,2";
			};
			name = Debug;
		};
		8360018A2A5FD2510007F277 /* Release */ = {
			isa = XCBuildConfiguration;
			buildSettings = {
				ASSETCATALOG_COMPILER_APPICON_NAME = AppIcon;
				ASSETCATALOG_COMPILER_GLOBAL_ACCENT_COLOR_NAME = AccentColor;
				CODE_SIGN_STYLE = Automatic;
				CURRENT_PROJECT_VERSION = 1;
				DEVELOPMENT_TEAM = APATJHZZY7;
				GENERATE_INFOPLIST_FILE = YES;
				INFOPLIST_FILE = MyBluetooth/Info.plist;
				INFOPLIST_KEY_NSBluetoothAlwaysUsageDescription = "블루투스 얼웨이즈 유세지 데스크립션";
				INFOPLIST_KEY_NSBluetoothPeripheralUsageDescription = "블루투스 페리퍼랄 유세지 ";
				INFOPLIST_KEY_UIApplicationSupportsIndirectInputEvents = YES;
				INFOPLIST_KEY_UILaunchStoryboardName = LaunchScreen.storyboard;
				INFOPLIST_KEY_UIMainStoryboardFile = BluetoothListViewController;
				INFOPLIST_KEY_UISupportedInterfaceOrientations_iPad = "UIInterfaceOrientationPortrait UIInterfaceOrientationPortraitUpsideDown UIInterfaceOrientationLandscapeLeft UIInterfaceOrientationLandscapeRight";
				INFOPLIST_KEY_UISupportedInterfaceOrientations_iPhone = "UIInterfaceOrientationPortrait UIInterfaceOrientationLandscapeLeft UIInterfaceOrientationLandscapeRight";
				LD_RUNPATH_SEARCH_PATHS = (
					"$(inherited)",
					"@executable_path/Frameworks",
				);
				MARKETING_VERSION = 1.0;
				PRODUCT_BUNDLE_IDENTIFIER = com.waiker.MyBluetooth;
				PRODUCT_NAME = "$(TARGET_NAME)";
				SWIFT_EMIT_LOC_STRINGS = YES;
				SWIFT_VERSION = 5.0;
				TARGETED_DEVICE_FAMILY = "1,2";
			};
			name = Release;
		};
/* End XCBuildConfiguration section */

/* Begin XCConfigurationList section */
		8360016F2A5FD24F0007F277 /* Build configuration list for PBXProject "MyBluetooth" */ = {
			isa = XCConfigurationList;
			buildConfigurations = (
				836001862A5FD2510007F277 /* Debug */,
				836001872A5FD2510007F277 /* Release */,
			);
			defaultConfigurationIsVisible = 0;
			defaultConfigurationName = Release;
		};
		836001882A5FD2510007F277 /* Build configuration list for PBXNativeTarget "MyBluetooth" */ = {
			isa = XCConfigurationList;
			buildConfigurations = (
				836001892A5FD2510007F277 /* Debug */,
				8360018A2A5FD2510007F277 /* Release */,
			);
			defaultConfigurationIsVisible = 0;
			defaultConfigurationName = Release;
		};
/* End XCConfigurationList section */

/* Begin XCRemoteSwiftPackageReference section */
		836001992A5FEDB90007F277 /* XCRemoteSwiftPackageReference "SwiftyUserDefaults" */ = {
			isa = XCRemoteSwiftPackageReference;
			repositoryURL = "https://github.com/sunshinejr/SwiftyUserDefaults";
			requirement = {
				kind = upToNextMajorVersion;
				minimumVersion = 5.0.0;
			};
		};
/* End XCRemoteSwiftPackageReference section */

/* Begin XCSwiftPackageProductDependency section */
		8360019A2A5FEDB90007F277 /* SwiftyUserDefaults */ = {
			isa = XCSwiftPackageProductDependency;
			package = 836001992A5FEDB90007F277 /* XCRemoteSwiftPackageReference "SwiftyUserDefaults" */;
			productName = SwiftyUserDefaults;
		};
/* End XCSwiftPackageProductDependency section */
	};
	rootObject = 8360016C2A5FD24F0007F277 /* Project object */;
}
